
Microsoft Visual Studio Solution File, Format Version 12.00
Project("{FAE04EC0-301F-11D3-BF4B-00C04F79EFBC}") = "AdminClient.Extensions", "src\AdminClient.Extensions.csproj", "{4320C23E-3021-4AB1-84F5-275F83A02DF9}"
EndProject
Global
	GlobalSection(SolutionConfigurationPlatforms) = preSolution
		Debug|Any CPU = Debug|Any CPU
		Release|Any CPU = Release|Any CPU
	EndGlobalSection
	GlobalSection(ProjectConfigurationPlatforms) = postSolution
		{4320C23E-3021-4AB1-84F5-275F83A02DF9}.Debug|Any CPU.ActiveCfg = Debug|Any CPU
		{4320C23E-3021-4AB1-84F5-275F83A02DF9}.Debug|Any CPU.Build.0 = Debug|Any CPU
		{4320C23E-3021-4AB1-84F5-275F83A02DF9}.Release|Any CPU.ActiveCfg = Release|Any CPU
		{4320C23E-3021-4AB1-84F5-275F83A02DF9}.Release|Any CPU.Build.0 = Release|Any CPU
	EndGlobalSection
EndGlobal
