
Microsoft Visual Studio Solution File, Format Version 12.00
Project("{FAE04EC0-301F-11D3-BF4B-00C04F79EFBC}") = "AdminClient.Extensions", "AdminClient.Extensions\AdminClient.Extensions.csproj", "{C3A0C5BA-923C-427F-A18B-ED870A57D7D2}"
EndProject
Global
	GlobalSection(SolutionConfigurationPlatforms) = preSolution
		Debug|Any CPU = Debug|Any CPU
		Release|Any CPU = Release|Any CPU
	EndGlobalSection
	GlobalSection(ProjectConfigurationPlatforms) = postSolution
		{C3A0C5BA-923C-427F-A18B-ED870A57D7D2}.Debug|Any CPU.ActiveCfg = Debug|Any CPU
		{C3A0C5BA-923C-427F-A18B-ED870A57D7D2}.Debug|Any CPU.Build.0 = Debug|Any CPU
		{C3A0C5BA-923C-427F-A18B-ED870A57D7D2}.Release|Any CPU.ActiveCfg = Release|Any CPU
		{C3A0C5BA-923C-427F-A18B-ED870A57D7D2}.Release|Any CPU.Build.0 = Release|Any CPU
	EndGlobalSection
EndGlobal
